github.com/Bussmeyer/landkit-hugo-theme v0.2.0 h1:a8FjY8SNz7gHpOzEBi0Ifj+1VAjvysjtue4LSwPTQQg=
github.com/Bussmeyer/landkit-hugo-theme v0.2.0/go.mod h1:qiXR35DYyOWf6qM+QjljeZDNJCin9oPUU8CggOOszEY=
github.com/Bussmeyer/landkit-hugo-theme v0.2.1 h1:aLPompF+phqQcwIc/vQn2da9C5ENtgOxxyZMzSZGKDY=
github.com/Bussmeyer/landkit-hugo-theme v0.2.1/go.mod h1:67NjEmjmhMkQu9A4BBBp7avoWjpZxEybtUl/eOn6qG0=
